{
  "name": "the-briefing",
  "version": "1.0.0",
  "lockfileVersion": 3,
  "requires": true,
  "packages": {
    "": {
      "name": "the-briefing",
      "version": "1.0.0",
      "dependencies": {
        "@xmldom/xmldom": "0.8.10"
      },
      "engines": {
        "node": ">=20"
      }
    },
    "node_modules/@xmldom/xmldom": {
      "version": "0.8.10",
      "resolved": "https://registry.npmjs.org/@xmldom/xmldom/-/xmldom-0.8.10.tgz",
      "integrity": "sha512-2WALfTl4de4852garHMS4y1G5LjOUHFvzKCF+F+6fxMRPdVrbee1cANWQh2lsXygOkqm2Nl7bIsAm/YaYwJBQ==",
      "engines": {
        "node": ">=10.0.0"
      }
    }
  }
}
